
Microsoft Visual Studio Solution File, Format Version 12.00
# Visual Studio Version 17
VisualStudioVersion = 17.4.33403.182
MinimumVisualStudioVersion = 10.0.40219.1
Project("{FAE04EC0-301F-11D3-BF4B-00C04F79EFBC}") = "VacationModule_API", "VacationModule_API\VacationModule_API.csproj", "{5E78EB20-6269-4191-85FD-8EE9D02295EF}"
EndProject
Global
	GlobalSection(SolutionConfigurationPlatforms) = preSolution
		Debug|Any CPU = Debug|Any CPU
		Release|Any CPU = Release|Any CPU
	EndGlobalSection
	GlobalSection(ProjectConfigurationPlatforms) = postSolution
		{5E78EB20-6269-4191-85FD-8EE9D02295EF}.Debug|Any CPU.ActiveCfg = Debug|Any CPU
		{5E78EB20-6269-4191-85FD-8EE9D02295EF}.Debug|Any CPU.Build.0 = Debug|Any CPU
		{5E78EB20-6269-4191-85FD-8EE9D02295EF}.Release|Any CPU.ActiveCfg = Release|Any CPU
		{5E78EB20-6269-4191-85FD-8EE9D02295EF}.Release|Any CPU.Build.0 = Release|Any CPU
	EndGlobalSection
	GlobalSection(SolutionProperties) = preSolution
		HideSolutionNode = FALSE
	EndGlobalSection
	GlobalSection(ExtensibilityGlobals) = postSolution
		SolutionGuid = {029A4D48-544E-4152-B8CD-33947821934E}
	EndGlobalSection
EndGlobal
